
Microsoft Visual Studio Solution File, Format Version 12.00
# Visual Studio 14
VisualStudioVersion = 14.0.22609.0
MinimumVisualStudioVersion = 10.0.40219.1
Project("{FAE04EC0-301F-11D3-BF4B-00C04F79EFBC}") = "MemoryHeapAllocation", "MemoryHeapAllocation\MemoryHeapAllocation.csproj", "{68A787F0-8455-409D-98EC-61B6F3A5AA5F}"
EndProject
Project("{FAE04EC0-301F-11D3-BF4B-00C04F79EFBC}") = "TaskFromResultSampe", "TaskFromResultSampe\TaskFromResultSampe.csproj", "{9D90F04A-CD8F-4401-8DA5-3E325B4BD83A}"
EndProject
Project("{FAE04EC0-301F-11D3-BF4B-00C04F79EFBC}") = "ShouldNotLieSample", "ShouldNotLieSample\ShouldNotLieSample.csproj", "{DBB06CE8-5884-4AB5-A6A4-D65C520DBD48}"
EndProject
Project("{FAE04EC0-301F-11D3-BF4B-00C04F79EFBC}") = "AsyncProgrammingModels", "AsyncProgrammingModels\AsyncProgrammingModels.csproj", "{B952EF2D-F62E-4AF7-B7B6-136850873EE5}"
EndProject
Project("{FAE04EC0-301F-11D3-BF4B-00C04F79EFBC}") = "DirectlyReturnTask", "DirectlyReturnTask\DirectlyReturnTask.csproj", "{CB9770D5-7F01-43EF-9944-06C874B90A4E}"
EndProject
Project("{FAE04EC0-301F-11D3-BF4B-00C04F79EFBC}") = "ConfigureAwaitFalseSample", "ConfigureAwaitFalseSample\ConfigureAwaitFalseSample.csproj", "{F42F2EFF-D03E-49C5-9D5F-C1367D88D6FF}"
EndProject
Project("{2150E333-8FDC-42A3-9474-1A3956D46DE8}") = ".nuget", ".nuget", "{DA1292D9-7BFF-4696-858C-7FC5658D23B6}"
	ProjectSection(SolutionItems) = preProject
		.nuget\packages.config = .nuget\packages.config
	EndProjectSection
EndProject
Project("{FAE04EC0-301F-11D3-BF4B-00C04F79EFBC}") = "TaskWhenAllSample", "TaskWhenAllSample\TaskWhenAllSample.csproj", "{03CD3440-97A1-4353-AB76-D5245478EC16}"
EndProject
Global
	GlobalSection(SolutionConfigurationPlatforms) = preSolution
		Debug|Any CPU = Debug|Any CPU
		Release|Any CPU = Release|Any CPU
	EndGlobalSection
	GlobalSection(ProjectConfigurationPlatforms) = postSolution
		{68A787F0-8455-409D-98EC-61B6F3A5AA5F}.Debug|Any CPU.ActiveCfg = Debug|Any CPU
		{68A787F0-8455-409D-98EC-61B6F3A5AA5F}.Debug|Any CPU.Build.0 = Debug|Any CPU
		{68A787F0-8455-409D-98EC-61B6F3A5AA5F}.Release|Any CPU.ActiveCfg = Release|Any CPU
		{68A787F0-8455-409D-98EC-61B6F3A5AA5F}.Release|Any CPU.Build.0 = Release|Any CPU
		{9D90F04A-CD8F-4401-8DA5-3E325B4BD83A}.Debug|Any CPU.ActiveCfg = Debug|Any CPU
		{9D90F04A-CD8F-4401-8DA5-3E325B4BD83A}.Debug|Any CPU.Build.0 = Debug|Any CPU
		{9D90F04A-CD8F-4401-8DA5-3E325B4BD83A}.Release|Any CPU.ActiveCfg = Release|Any CPU
		{9D90F04A-CD8F-4401-8DA5-3E325B4BD83A}.Release|Any CPU.Build.0 = Release|Any CPU
		{DBB06CE8-5884-4AB5-A6A4-D65C520DBD48}.Debug|Any CPU.ActiveCfg = Debug|Any CPU
		{DBB06CE8-5884-4AB5-A6A4-D65C520DBD48}.Debug|Any CPU.Build.0 = Debug|Any CPU
		{DBB06CE8-5884-4AB5-A6A4-D65C520DBD48}.Release|Any CPU.ActiveCfg = Release|Any CPU
		{DBB06CE8-5884-4AB5-A6A4-D65C520DBD48}.Release|Any CPU.Build.0 = Release|Any CPU
		{B952EF2D-F62E-4AF7-B7B6-136850873EE5}.Debug|Any CPU.ActiveCfg = Debug|Any CPU
		{B952EF2D-F62E-4AF7-B7B6-136850873EE5}.Debug|Any CPU.Build.0 = Debug|Any CPU
		{B952EF2D-F62E-4AF7-B7B6-136850873EE5}.Release|Any CPU.ActiveCfg = Release|Any CPU
		{B952EF2D-F62E-4AF7-B7B6-136850873EE5}.Release|Any CPU.Build.0 = Release|Any CPU
		{CB9770D5-7F01-43EF-9944-06C874B90A4E}.Debug|Any CPU.ActiveCfg = Debug|Any CPU
		{CB9770D5-7F01-43EF-9944-06C874B90A4E}.Debug|Any CPU.Build.0 = Debug|Any CPU
		{CB9770D5-7F01-43EF-9944-06C874B90A4E}.Release|Any CPU.ActiveCfg = Release|Any CPU
		{CB9770D5-7F01-43EF-9944-06C874B90A4E}.Release|Any CPU.Build.0 = Release|Any CPU
		{F42F2EFF-D03E-49C5-9D5F-C1367D88D6FF}.Debug|Any CPU.ActiveCfg = Debug|Any CPU
		{F42F2EFF-D03E-49C5-9D5F-C1367D88D6FF}.Debug|Any CPU.Build.0 = Debug|Any CPU
		{F42F2EFF-D03E-49C5-9D5F-C1367D88D6FF}.Release|Any CPU.ActiveCfg = Release|Any CPU
		{F42F2EFF-D03E-49C5-9D5F-C1367D88D6FF}.Release|Any CPU.Build.0 = Release|Any CPU
		{03CD3440-97A1-4353-AB76-D5245478EC16}.Debug|Any CPU.ActiveCfg = Debug|Any CPU
		{03CD3440-97A1-4353-AB76-D5245478EC16}.Debug|Any CPU.Build.0 = Debug|Any CPU
		{03CD3440-97A1-4353-AB76-D5245478EC16}.Release|Any CPU.ActiveCfg = Release|Any CPU
		{03CD3440-97A1-4353-AB76-D5245478EC16}.Release|Any CPU.Build.0 = Release|Any CPU
	EndGlobalSection
	GlobalSection(SolutionProperties) = preSolution
		HideSolutionNode = FALSE
	EndGlobalSection
EndGlobal
